
Microsoft Visual Studio Solution File, Format Version 12.00
# Visual Studio 14
VisualStudioVersion = 14.0.25420.1
MinimumVisualStudioVersion = 10.0.40219.1
Project("{FAE04EC0-301F-11D3-BF4B-00C04F79EFBC}") = "LibraryManagementSystem", "LibraryManagementSystem\LibraryManagementSystem.csproj", "{99BB62BD-30A4-44A8-99EC-786A54140CF0}"
EndProject
Global
	GlobalSection(SolutionConfigurationPlatforms) = preSolution
		ddd|Any CPU = ddd|Any CPU
		ddd|x64 = ddd|x64
		ddd|x86 = ddd|x86
		debu|Any CPU = debu|Any CPU
		debu|x64 = debu|x64
		debu|x86 = debu|x86
		Debug|Any CPU = Debug|Any CPU
		Debug|x64 = Debug|x64
		Debug|x86 = Debug|x86
		debugg|Any CPU = debugg|Any CPU
		debugg|x64 = debugg|x64
		debugg|x86 = debugg|x86
		Release|Any CPU = Release|Any CPU
		Release|x64 = Release|x64
		Release|x86 = Release|x86
	EndGlobalSection
	GlobalSection(ProjectConfigurationPlatforms) = postSolution
		{99BB62BD-30A4-44A8-99EC-786A54140CF0}.ddd|Any CPU.ActiveCfg = Release|Any CPU
		{99BB62BD-30A4-44A8-99EC-786A54140CF0}.ddd|Any CPU.Build.0 = Release|Any CPU
		{99BB62BD-30A4-44A8-99EC-786A54140CF0}.ddd|x64.ActiveCfg = Release|Any CPU
		{99BB62BD-30A4-44A8-99EC-786A54140CF0}.ddd|x64.Build.0 = Release|Any CPU
		{99BB62BD-30A4-44A8-99EC-786A54140CF0}.ddd|x86.ActiveCfg = Release|Any CPU
		{99BB62BD-30A4-44A8-99EC-786A54140CF0}.ddd|x86.Build.0 = Release|Any CPU
		{99BB62BD-30A4-44A8-99EC-786A54140CF0}.debu|Any CPU.ActiveCfg = Release|Any CPU
		{99BB62BD-30A4-44A8-99EC-786A54140CF0}.debu|Any CPU.Build.0 = Release|Any CPU
		{99BB62BD-30A4-44A8-99EC-786A54140CF0}.debu|x64.ActiveCfg = Release|Any CPU
		{99BB62BD-30A4-44A8-99EC-786A54140CF0}.debu|x64.Build.0 = Release|Any CPU
		{99BB62BD-30A4-44A8-99EC-786A54140CF0}.debu|x86.ActiveCfg = Release|Any CPU
		{99BB62BD-30A4-44A8-99EC-786A54140CF0}.debu|x86.Build.0 = Release|Any CPU
		{99BB62BD-30A4-44A8-99EC-786A54140CF0}.Debug|Any CPU.ActiveCfg = Release|Any CPU
		{99BB62BD-30A4-44A8-99EC-786A54140CF0}.Debug|Any CPU.Build.0 = Release|Any CPU
		{99BB62BD-30A4-44A8-99EC-786A54140CF0}.Debug|x64.ActiveCfg = Release|Any CPU
		{99BB62BD-30A4-44A8-99EC-786A54140CF0}.Debug|x64.Build.0 = Release|Any CPU
		{99BB62BD-30A4-44A8-99EC-786A54140CF0}.Debug|x86.ActiveCfg = Release|Any CPU
		{99BB62BD-30A4-44A8-99EC-786A54140CF0}.Debug|x86.Build.0 = Release|Any CPU
		{99BB62BD-30A4-44A8-99EC-786A54140CF0}.debugg|Any CPU.ActiveCfg = Release|Any CPU
		{99BB62BD-30A4-44A8-99EC-786A54140CF0}.debugg|Any CPU.Build.0 = Release|Any CPU
		{99BB62BD-30A4-44A8-99EC-786A54140CF0}.debugg|x64.ActiveCfg = Release|Any CPU
		{99BB62BD-30A4-44A8-99EC-786A54140CF0}.debugg|x64.Build.0 = Release|Any CPU
		{99BB62BD-30A4-44A8-99EC-786A54140CF0}.debugg|x86.ActiveCfg = Release|Any CPU
		{99BB62BD-30A4-44A8-99EC-786A54140CF0}.debugg|x86.Build.0 = Release|Any CPU
		{99BB62BD-30A4-44A8-99EC-786A54140CF0}.Release|Any CPU.ActiveCfg = Release|Any CPU
		{99BB62BD-30A4-44A8-99EC-786A54140CF0}.Release|Any CPU.Build.0 = Release|Any CPU
		{99BB62BD-30A4-44A8-99EC-786A54140CF0}.Release|x64.ActiveCfg = Release|Any CPU
		{99BB62BD-30A4-44A8-99EC-786A54140CF0}.Release|x64.Build.0 = Release|Any CPU
		{99BB62BD-30A4-44A8-99EC-786A54140CF0}.Release|x86.ActiveCfg = Release|Any CPU
		{99BB62BD-30A4-44A8-99EC-786A54140CF0}.Release|x86.Build.0 = Release|Any CPU
	EndGlobalSection
	GlobalSection(SolutionProperties) = preSolution
		HideSolutionNode = FALSE
	EndGlobalSection
EndGlobal
